
Microsoft Visual Studio Solution File, Format Version 12.00
# Visual Studio 14
VisualStudioVersion = 14.0.25420.1
MinimumVisualStudioVersion = 10.0.40219.1
Project("{FAE04EC0-301F-11D3-BF4B-00C04F79EFBC}") = "Lab5", "Lab5.csproj", "{F9F375F3-CF11-428D-B709-E5F7AD058CB0}"
EndProject
Project("{FAE04EC0-301F-11D3-BF4B-00C04F79EFBC}") = "ClassLibrary1", "..\ClassLibrary1\ClassLibrary1.csproj", "{89A9894D-5D55-4474-ADCA-2DC2CFAA9E9B}"
EndProject
Global
	GlobalSection(SolutionConfigurationPlatforms) = preSolution
		Debug|Any CPU = Debug|Any CPU
		Release|Any CPU = Release|Any CPU
	EndGlobalSection
	GlobalSection(ProjectConfigurationPlatforms) = postSolution
		{F9F375F3-CF11-428D-B709-E5F7AD058CB0}.Debug|Any CPU.ActiveCfg = Debug|Any CPU
		{F9F375F3-CF11-428D-B709-E5F7AD058CB0}.Debug|Any CPU.Build.0 = Debug|Any CPU
		{F9F375F3-CF11-428D-B709-E5F7AD058CB0}.Release|Any CPU.ActiveCfg = Release|Any CPU
		{F9F375F3-CF11-428D-B709-E5F7AD058CB0}.Release|Any CPU.Build.0 = Release|Any CPU
		{89A9894D-5D55-4474-ADCA-2DC2CFAA9E9B}.Debug|Any CPU.ActiveCfg = Debug|Any CPU
		{89A9894D-5D55-4474-ADCA-2DC2CFAA9E9B}.Debug|Any CPU.Build.0 = Debug|Any CPU
		{89A9894D-5D55-4474-ADCA-2DC2CFAA9E9B}.Release|Any CPU.ActiveCfg = Release|Any CPU
		{89A9894D-5D55-4474-ADCA-2DC2CFAA9E9B}.Release|Any CPU.Build.0 = Release|Any CPU
	EndGlobalSection
	GlobalSection(SolutionProperties) = preSolution
		HideSolutionNode = FALSE
	EndGlobalSection
EndGlobal
